Microsoft Visual Studio Solution File, Format Version 12.00
# Visual Studio Version 16
VisualStudioVersion = 16.0.31624.102
MinimumVisualStudioVersion = 10.0.40219.1
Project("{9A19103F-16F7-4668-BE54-9A1E7A4F7556}") = "CIWSDefense", "CIWSDefense\CIWSDefense.csproj", "{BD07AF8D-4CE4-4D91-AACC-E113DC739EB4}"
EndProject
Global
	GlobalSection(SolutionConfigurationPlatforms) = preSolution
		Debug|Any CPU = Debug|Any CPU
		Release|Any CPU = Release|Any CPU
	EndGlobalSection
	GlobalSection(ProjectConfigurationPlatforms) = postSolution
		{BD07AF8D-4CE4-4D91-AACC-E113DC739EB4}.Debug|Any CPU.ActiveCfg = Debug|Any CPU
		{BD07AF8D-4CE4-4D91-AACC-E113DC739EB4}.Debug|Any CPU.Build.0 = Debug|Any CPU
		{BD07AF8D-4CE4-4D91-AACC-E113DC739EB4}.Release|Any CPU.ActiveCfg = Release|Any CPU
		{BD07AF8D-4CE4-4D91-AACC-E113DC739EB4}.Release|Any CPU.Build.0 = Release|Any CPU
	EndGlobalSection
	GlobalSection(SolutionProperties) = preSolution
		HideSolutionNode = FALSE
	EndGlobalSection
	GlobalSection(ExtensibilityGlobals) = postSolution
		SolutionGuid = {a40724f5-2c9c-45fd-86cd-8d7d4a350558}
	EndGlobalSection
EndGlobal
